// !$*UTF8*$!
{
	archiveVersion = 1;
	classes = {
	};
	objectVersion = 48;
	objects = {

/* Begin PBXBuildFile section */
		40178E2A206A7BB4002A9B0E /* AppDelegate.swift in Sources */ = {isa = PBXBuildFile; fileRef = 40178E29206A7BB4002A9B0E /* AppDelegate.swift */; };
		40178E2C206A7BB4002A9B0E /* MainViewController.swift in Sources */ = {isa = PBXBuildFile; fileRef = 40178E2B206A7BB4002A9B0E /* MainViewController.swift */; };
		40178E2F206A7BB4002A9B0E /* Main.storyboard in Resources */ = {isa = PBXBuildFile; fileRef = 40178E2D206A7BB4002A9B0E /* Main.storyboard */; };
		40178E31206A7BB4002A9B0E /* Assets.xcassets in Resources */ = {isa = PBXBuildFile; fileRef = 40178E30206A7BB4002A9B0E /* Assets.xcassets */; };
		40178E34206A7BB4002A9B0E /* LaunchScreen.storyboard in Resources */ = {isa = PBXBuildFile; fileRef = 40178E32206A7BB4002A9B0E /* LaunchScreen.storyboard */; };
		40178E3D206A808B002A9B0E /* Requests.swift in Sources */ = {isa = PBXBuildFile; fileRef = 40178E3C206A808B002A9B0E /* Requests.swift */; };
		40178E40206AD8C6002A9B0E /* Artist.swift in Sources */ = {isa = PBXBuildFile; fileRef = 40178E3F206AD8C6002A9B0E /* Artist.swift */; };
		40507EC9206B302B00290E34 /* ArtistListCell.swift in Sources */ = {isa = PBXBuildFile; fileRef = 40507EC8206B302B00290E34 /* ArtistListCell.swift */; };
		406930502072511E00FB839E /* DataController.swift in Sources */ = {isa = PBXBuildFile; fileRef = 4069304F2072511E00FB839E /* DataController.swift */; };
		4075084E206B507A005F1336 /* ArtistDetailViewController.swift in Sources */ = {isa = PBXBuildFile; fileRef = 4075084D206B507A005F1336 /* ArtistDetailViewController.swift */; };
		40750850206D19D0005F1336 /* BioContainer.swift in Sources */ = {isa = PBXBuildFile; fileRef = 4075084F206D19D0005F1336 /* BioContainer.swift */; };
		40750852206D1D3A005F1336 /* TracksContainer.swift in Sources */ = {isa = PBXBuildFile; fileRef = 40750851206D1D3A005F1336 /* TracksContainer.swift */; };
		40750854206D1D66005F1336 /* EventsContainer.swift in Sources */ = {isa = PBXBuildFile; fileRef = 40750853206D1D66005F1336 /* EventsContainer.swift */; };
		40F0E80720739CCB00FEC742 /* Artists.xcdatamodeld in Sources */ = {isa = PBXBuildFile; fileRef = 40F0E80520739CCB00FEC742 /* Artists.xcdatamodeld */; };
/* End PBXBuildFile section */

/* Begin PBXFileReference section */
		40178E26206A7BB4002A9B0E /* Tuned.app */ = {isa = PBXFileReference; explicitFileType = wrapper.application; includeInIndex = 0; path = Tuned.app; sourceTree = BUILT_PRODUCTS_DIR; };
		40178E29206A7BB4002A9B0E /* AppDelegate.swift */ = {isa = PBXFileReference; lastKnownFileType = sourcecode.swift; path = AppDelegate.swift; sourceTree = "<group>"; };
		40178E2B206A7BB4002A9B0E /* MainViewController.swift */ = {isa = PBXFileReference; lastKnownFileType = sourcecode.swift; path = MainViewController.swift; sourceTree = "<group>"; };
		40178E2E206A7BB4002A9B0E /* Base */ = {isa = PBXFileReference; lastKnownFileType = file.storyboard; name = Base; path = Base.lproj/Main.storyboard; sourceTree = "<group>"; };
		40178E30206A7BB4002A9B0E /* Assets.xcassets */ = {isa = PBXFileReference; lastKnownFileType = folder.assetcatalog; path = Assets.xcassets; sourceTree = "<group>"; };
		40178E33206A7BB4002A9B0E /* Base */ = {isa = PBXFileReference; lastKnownFileType = file.storyboard; name = Base; path = Base.lproj/LaunchScreen.storyboard; sourceTree = "<group>"; };
		40178E35206A7BB4002A9B0E /* Info.plist */ = {isa = PBXFileReference; lastKnownFileType = text.plist.xml; path = Info.plist; sourceTree = "<group>"; };
		40178E3C206A808B002A9B0E /* Requests.swift */ = {isa = PBXFileReference; lastKnownFileType = sourcecode.swift; path = Requests.swift; sourceTree = "<group>"; };
		40178E3F206AD8C6002A9B0E /* Artist.swift */ = {isa = PBXFileReference; lastKnownFileType = sourcecode.swift; path = Artist.swift; sourceTree = "<group>"; };
		402D10AD2073F3A500749FD2 /* Artists 3.xcdatamodel */ = {isa = PBXFileReference; lastKnownFileType = wrapper.xcdatamodel; path = "Artists 3.xcdatamodel"; sourceTree = "<group>"; };
		40507EC8206B302B00290E34 /* ArtistListCell.swift */ = {isa = PBXFileReference; lastKnownFileType = sourcecode.swift; path = ArtistListCell.swift; sourceTree = "<group>"; };
		4069304F2072511E00FB839E /* DataController.swift */ = {isa = PBXFileReference; lastKnownFileType = sourcecode.swift; path = DataController.swift; sourceTree = "<group>"; };
		4075084D206B507A005F1336 /* ArtistDetailViewController.swift */ = {isa = PBXFileReference; lastKnownFileType = sourcecode.swift; path = ArtistDetailViewController.swift; sourceTree = "<group>"; };
		4075084F206D19D0005F1336 /* BioContainer.swift */ = {isa = PBXFileReference; lastKnownFileType = sourcecode.swift; path = BioContainer.swift; sourceTree = "<group>"; };
		40750851206D1D3A005F1336 /* TracksContainer.swift */ = {isa = PBXFileReference; lastKnownFileType = sourcecode.swift; path = TracksContainer.swift; sourceTree = "<group>"; };
		40750853206D1D66005F1336 /* EventsContainer.swift */ = {isa = PBXFileReference; lastKnownFileType = sourcecode.swift; path = EventsContainer.swift; sourceTree = "<group>"; };
		40B177C02075984400088300 /* Artists 4.xcdatamodel */ = {isa = PBXFileReference; lastKnownFileType = wrapper.xcdatamodel; path = "Artists 4.xcdatamodel"; sourceTree = "<group>"; };
		40F0E80620739CCB00FEC742 /* Artists.xcdatamodel */ = {isa = PBXFileReference; lastKnownFileType = wrapper.xcdatamodel; path = Artists.xcdatamodel; sourceTree = "<group>"; };
		40F0E80820739FA500FEC742 /* Artists 2.xcdatamodel */ = {isa = PBXFileReference; lastKnownFileType = wrapper.xcdatamodel; path = "Artists 2.xcdatamodel"; sourceTree = "<group>"; };
/* End PBXFileReference section */

/* Begin PBXFrameworksBuildPhase section */
		40178E23206A7BB4002A9B0E /* Frameworks */ = {
			isa = PBXFrameworksBuildPhase;
			buildActionMask = 2147483647;
			files = (
			);
			runOnlyForDeploymentPostprocessing = 0;
		};
/* End PBXFrameworksBuildPhase section */

/* Begin PBXGroup section */
		40178E1D206A7BB4002A9B0E = {
			isa = PBXGroup;
			children = (
				40178E28206A7BB4002A9B0E /* Tuned */,
				40178E27206A7BB4002A9B0E /* Products */,
			);
			sourceTree = "<group>";
		};
		40178E27206A7BB4002A9B0E /* Products */ = {
			isa = PBXGroup;
			children = (
				40178E26206A7BB4002A9B0E /* Tuned.app */,
			);
			name = Products;
			sourceTree = "<group>";
		};
		40178E28206A7BB4002A9B0E /* Tuned */ = {
			isa = PBXGroup;
			children = (
				4075084C206B5041005F1336 /* ViewControllers */,
				4075084B206B32B6005F1336 /* View */,
				40178E3E206AD8AE002A9B0E /* Model */,
				40178E3B206A8055002A9B0E /* Helper */,
				40178E29206A7BB4002A9B0E /* AppDelegate.swift */,
				40178E2D206A7BB4002A9B0E /* Main.storyboard */,
				40178E30206A7BB4002A9B0E /* Assets.xcassets */,
				40178E32206A7BB4002A9B0E /* LaunchScreen.storyboard */,
				40178E35206A7BB4002A9B0E /* Info.plist */,
			);
			path = Tuned;
			sourceTree = "<group>";
		};
		40178E3B206A8055002A9B0E /* Helper */ = {
			isa = PBXGroup;
			children = (
				40178E3C206A808B002A9B0E /* Requests.swift */,
			);
			path = Helper;
			sourceTree = "<group>";
		};
		40178E3E206AD8AE002A9B0E /* Model */ = {
			isa = PBXGroup;
			children = (
				40178E3F206AD8C6002A9B0E /* Artist.swift */,
				40F0E80520739CCB00FEC742 /* Artists.xcdatamodeld */,
				4069304F2072511E00FB839E /* DataController.swift */,
			);
			path = Model;
			sourceTree = "<group>";
		};
		4075084B206B32B6005F1336 /* View */ = {
			isa = PBXGroup;
			children = (
				40507EC8206B302B00290E34 /* ArtistListCell.swift */,
			);
			path = View;
			sourceTree = "<group>";
		};
		4075084C206B5041005F1336 /* ViewControllers */ = {
			isa = PBXGroup;
			children = (
				40750855206D1D8A005F1336 /* Containers */,
				40178E2B206A7BB4002A9B0E /* MainViewController.swift */,
				4075084D206B507A005F1336 /* ArtistDetailViewController.swift */,
			);
			path = ViewControllers;
			sourceTree = "<group>";
		};
		40750855206D1D8A005F1336 /* Containers */ = {
			isa = PBXGroup;
			children = (
				4075084F206D19D0005F1336 /* BioContainer.swift */,
				40750851206D1D3A005F1336 /* TracksContainer.swift */,
				40750853206D1D66005F1336 /* EventsContainer.swift */,
			);
			path = Containers;
			sourceTree = "<group>";
		};
/* End PBXGroup section */

/* Begin PBXNativeTarget section */
		40178E25206A7BB4002A9B0E /* Tuned */ = {
			isa = PBXNativeTarget;
			buildConfigurationList = 40178E38206A7BB4002A9B0E /* Build configuration list for PBXNativeTarget "Tuned" */;
			buildPhases = (
				40178E22206A7BB4002A9B0E /* Sources */,
				40178E23206A7BB4002A9B0E /* Frameworks */,
				40178E24206A7BB4002A9B0E /* Resources */,
			);
			buildRules = (
			);
			dependencies = (
			);
			name = Tuned;
			productName = Tuned;
			productReference = 40178E26206A7BB4002A9B0E /* Tuned.app */;
			productType = "com.apple.product-type.application";
		};
/* End PBXNativeTarget section */

/* Begin PBXProject section */
		40178E1E206A7BB4002A9B0E /* Project object */ = {
			isa = PBXProject;
			attributes = {
				LastSwiftUpdateCheck = 0920;
				LastUpgradeCheck = 0920;
				ORGANIZATIONNAME = "Ravikiran Pathade";
				TargetAttributes = {
					40178E25206A7BB4002A9B0E = {
						CreatedOnToolsVersion = 9.2;
						ProvisioningStyle = Automatic;
					};
				};
			};
			buildConfigurationList = 40178E21206A7BB4002A9B0E /* Build configuration list for PBXProject "Tuned" */;
			compatibilityVersion = "Xcode 8.0";
			developmentRegion = en;
			hasScannedForEncodings = 0;
			knownRegions = (
				en,
				Base,
			);
			mainGroup = 40178E1D206A7BB4002A9B0E;
			productRefGroup = 40178E27206A7BB4002A9B0E /* Products */;
			projectDirPath = "";
			projectRoot = "";
			targets = (
				40178E25206A7BB4002A9B0E /* Tuned */,
			);
		};
/* End PBXProject section */

/* Begin PBXResourcesBuildPhase section */
		40178E24206A7BB4002A9B0E /* Resources */ = {
			isa = PBXResourcesBuildPhase;
			buildActionMask = 2147483647;
			files = (
				40178E34206A7BB4002A9B0E /* LaunchScreen.storyboard in Resources */,
				40178E31206A7BB4002A9B0E /* Assets.xcassets in Resources */,
				40178E2F206A7BB4002A9B0E /* Main.storyboard in Resources */,
			);
			runOnlyForDeploymentPostprocessing = 0;
		};
/* End PBXResourcesBuildPhase section */

/* Begin PBXSourcesBuildPhase section */
		40178E22206A7BB4002A9B0E /* Sources */ = {
			isa = PBXSourcesBuildPhase;
			buildActionMask = 2147483647;
			files = (
				40178E3D206A808B002A9B0E /* Requests.swift in Sources */,
				40F0E80720739CCB00FEC742 /* Artists.xcdatamodeld in Sources */,
				40750850206D19D0005F1336 /* BioContainer.swift in Sources */,
				40178E2C206A7BB4002A9B0E /* MainViewController.swift in Sources */,
				40750852206D1D3A005F1336 /* TracksContainer.swift in Sources */,
				406930502072511E00FB839E /* DataController.swift in Sources */,
				40507EC9206B302B00290E34 /* ArtistListCell.swift in Sources */,
				40178E40206AD8C6002A9B0E /* Artist.swift in Sources */,
				4075084E206B507A005F1336 /* ArtistDetailViewController.swift in Sources */,
				40178E2A206A7BB4002A9B0E /* AppDelegate.swift in Sources */,
				40750854206D1D66005F1336 /* EventsContainer.swift in Sources */,
			);
			runOnlyForDeploymentPostprocessing = 0;
		};
/* End PBXSourcesBuildPhase section */

/* Begin PBXVariantGroup section */
		40178E2D206A7BB4002A9B0E /* Main.storyboard */ = {
			isa = PBXVariantGroup;
			children = (
				40178E2E206A7BB4002A9B0E /* Base */,
			);
			name = Main.storyboard;
			sourceTree = "<group>";
		};
		40178E32206A7BB4002A9B0E /* LaunchScreen.storyboard */ = {
			isa = PBXVariantGroup;
			children = (
				40178E33206A7BB4002A9B0E /* Base */,
			);
			name = LaunchScreen.storyboard;
			sourceTree = "<group>";
		};
/* End PBXVariantGroup section */

/* Begin XCBuildConfiguration section */
		40178E36206A7BB4002A9B0E /* Debug */ = {
			isa = XCBuildConfiguration;
			buildSettings = {
				ALWAYS_SEARCH_USER_PATHS = NO;
				CLANG_ANALYZER_NONNULL = YES;
				CLANG_ANALYZER_NUMBER_OBJECT_CONVERSION = YES_AGGRESSIVE;
				CLANG_CXX_LANGUAGE_STANDARD = "gnu++14";
				CLANG_CXX_LIBRARY = "libc++";
				CLANG_ENABLE_MODULES = YES;
				CLANG_ENABLE_OBJC_ARC = YES;
				CLANG_WARN_BLOCK_CAPTURE_AUTORELEASING = YES;
				CLANG_WARN_BOOL_CONVERSION = YES;
				CLANG_WARN_COMMA = YES;
				CLANG_WARN_CONSTANT_CONVERSION = YES;
				CLANG_WARN_DIRECT_OBJC_ISA_USAGE = YES_ERROR;
				CLANG_WARN_DOCUMENTATION_COMMENTS = YES;
				CLANG_WARN_EMPTY_BODY = YES;
				CLANG_WARN_ENUM_CONVERSION = YES;
				CLANG_WARN_INFINITE_RECURSION = YES;
				CLANG_WARN_INT_CONVERSION = YES;
				CLANG_WARN_NON_LITERAL_NULL_CONVERSION = YES;
				CLANG_WARN_OBJC_LITERAL_CONVERSION = YES;
				CLANG_WARN_OBJC_ROOT_CLASS = YES_ERROR;
				CLANG_WARN_RANGE_LOOP_ANALYSIS = YES;
				CLANG_WARN_STRICT_PROTOTYPES = YES;
				CLANG_WARN_SUSPICIOUS_MOVE = YES;
				CLANG_WARN_UNGUARDED_AVAILABILITY = YES_AGGRESSIVE;
				CLANG_WARN_UNREACHABLE_CODE = YES;
				CLANG_WARN__DUPLICATE_METHOD_MATCH = YES;
				CODE_SIGN_IDENTITY = "iPhone Developer";
				COPY_PHASE_STRIP = NO;
				DEBUG_INFORMATION_FORMAT = dwarf;
				ENABLE_STRICT_OBJC_MSGSEND = YES;
				ENABLE_TESTABILITY = YES;
				GCC_C_LANGUAGE_STANDARD = gnu11;
				GCC_DYNAMIC_NO_PIC = NO;
				GCC_NO_COMMON_BLOCKS = YES;
				GCC_OPTIMIZATION_LEVEL = 0;
				GCC_PREPROCESSOR_DEFINITIONS = (
					"DEBUG=1",
					"$(inherited)",
				);
				GCC_WARN_64_TO_32_BIT_CONVERSION = YES;
				GCC_WARN_ABOUT_RETURN_TYPE = YES_ERROR;
				GCC_WARN_UNDECLARED_SELECTOR = YES;
				GCC_WARN_UNINITIALIZED_AUTOS = YES_AGGRESSIVE;
				GCC_WARN_UNUSED_FUNCTION = YES;
				GCC_WARN_UNUSED_VARIABLE = YES;
				IPHONEOS_DEPLOYMENT_TARGET = 11.2;
				MTL_ENABLE_DEBUG_INFO = YES;
				ONLY_ACTIVE_ARCH = YES;
				SDKROOT = iphoneos;
				SWIFT_ACTIVE_COMPILATION_CONDITIONS = DEBUG;
				SWIFT_OPTIMIZATION_LEVEL = "-Onone";
			};
			name = Debug;
		};
		40178E37206A7BB4002A9B0E /* Release */ = {
			isa = XCBuildConfiguration;
			buildSettings = {
				ALWAYS_SEARCH_USER_PATHS = NO;
				CLANG_ANALYZER_NONNULL = YES;
				CLANG_ANALYZER_NUMBER_OBJECT_CONVERSION = YES_AGGRESSIVE;
				CLANG_CXX_LANGUAGE_STANDARD = "gnu++14";
				CLANG_CXX_LIBRARY = "libc++";
				CLANG_ENABLE_MODULES = YES;
				CLANG_ENABLE_OBJC_ARC = YES;
				CLANG_WARN_BLOCK_CAPTURE_AUTORELEASING = YES;
				CLANG_WARN_BOOL_CONVERSION = YES;
				CLANG_WARN_COMMA = YES;
				CLANG_WARN_CONSTANT_CONVERSION = YES;
				CLANG_WARN_DIRECT_OBJC_ISA_USAGE = YES_ERROR;
				CLANG_WARN_DOCUMENTATION_COMMENTS = YES;
				CLANG_WARN_EMPTY_BODY = YES;
				CLANG_WARN_ENUM_CONVERSION = YES;
				CLANG_WARN_INFINITE_RECURSION = YES;
				CLANG_WARN_INT_CONVERSION = YES;
				CLANG_WARN_NON_LITERAL_NULL_CONVERSION = YES;
				CLANG_WARN_OBJC_LITERAL_CONVERSION = YES;
				CLANG_WARN_OBJC_ROOT_CLASS = YES_ERROR;
				CLANG_WARN_RANGE_LOOP_ANALYSIS = YES;
				CLANG_WARN_STRICT_PROTOTYPES = YES;
				CLANG_WARN_SUSPICIOUS_MOVE = YES;
				CLANG_WARN_UNGUARDED_AVAILABILITY = YES_AGGRESSIVE;
				CLANG_WARN_UNREACHABLE_CODE = YES;
				CLANG_WARN__DUPLICATE_METHOD_MATCH = YES;
				CODE_SIGN_IDENTITY = "iPhone Developer";
				COPY_PHASE_STRIP = NO;
				DEBUG_INFORMATION_FORMAT = "dwarf-with-dsym";
				ENABLE_NS_ASSERTIONS = NO;
				ENABLE_STRICT_OBJC_MSGSEND = YES;
				GCC_C_LANGUAGE_STANDARD = gnu11;
				GCC_NO_COMMON_BLOCKS = YES;
				GCC_WARN_64_TO_32_BIT_CONVERSION = YES;
				GCC_WARN_ABOUT_RETURN_TYPE = YES_ERROR;
				GCC_WARN_UNDECLARED_SELECTOR = YES;
				GCC_WARN_UNINITIALIZED_AUTOS = YES_AGGRESSIVE;
				GCC_WARN_UNUSED_FUNCTION = YES;
				GCC_WARN_UNUSED_VARIABLE = YES;
				IPHONEOS_DEPLOYMENT_TARGET = 11.2;
				MTL_ENABLE_DEBUG_INFO = NO;
				SDKROOT = iphoneos;
				SWIFT_OPTIMIZATION_LEVEL = "-Owholemodule";
				VALIDATE_PRODUCT = YES;
			};
			name = Release;
		};
		40178E39206A7BB4002A9B0E /* Debug */ = {
			isa = XCBuildConfiguration;
			buildSettings = {
				ASSETCATALOG_COMPILER_APPICON_NAME = AppIcon;
				CODE_SIGN_STYLE = Automatic;
				DEVELOPMENT_TEAM = 3458EK872K;
				INFOPLIST_FILE = Tuned/Info.plist;
				LD_RUNPATH_SEARCH_PATHS = "$(inherited) @executable_path/Frameworks";
				PRODUCT_BUNDLE_IDENTIFIER = com.rpathade.Tuned;
				PRODUCT_NAME = "$(TARGET_NAME)";
				SWIFT_VERSION = 4.0;
				TARGETED_DEVICE_FAMILY = "1,2";
			};
			name = Debug;
		};
		40178E3A206A7BB4002A9B0E /* Release */ = {
			isa = XCBuildConfiguration;
			buildSettings = {
				ASSETCATALOG_COMPILER_APPICON_NAME = AppIcon;
				CODE_SIGN_STYLE = Automatic;
				DEVELOPMENT_TEAM = 3458EK872K;
				INFOPLIST_FILE = Tuned/Info.plist;
				LD_RUNPATH_SEARCH_PATHS = "$(inherited) @executable_path/Frameworks";
				PRODUCT_BUNDLE_IDENTIFIER = com.rpathade.Tuned;
				PRODUCT_NAME = "$(TARGET_NAME)";
				SWIFT_VERSION = 4.0;
				TARGETED_DEVICE_FAMILY = "1,2";
			};
			name = Release;
		};
/* End XCBuildConfiguration section */

/* Begin XCConfigurationList section */
		40178E21206A7BB4002A9B0E /* Build configuration list for PBXProject "Tuned" */ = {
			isa = XCConfigurationList;
			buildConfigurations = (
				40178E36206A7BB4002A9B0E /* Debug */,
				40178E37206A7BB4002A9B0E /* Release */,
			);
			defaultConfigurationIsVisible = 0;
			defaultConfigurationName = Release;
		};
		40178E38206A7BB4002A9B0E /* Build configuration list for PBXNativeTarget "Tuned" */ = {
			isa = XCConfigurationList;
			buildConfigurations = (
				40178E39206A7BB4002A9B0E /* Debug */,
				40178E3A206A7BB4002A9B0E /* Release */,
			);
			defaultConfigurationIsVisible = 0;
			defaultConfigurationName = Release;
		};
/* End XCConfigurationList section */

/* Begin XCVersionGroup section */
		40F0E80520739CCB00FEC742 /* Artists.xcdatamodeld */ = {
			isa = XCVersionGroup;
			children = (
				40B177C02075984400088300 /* Artists 4.xcdatamodel */,
				402D10AD2073F3A500749FD2 /* Artists 3.xcdatamodel */,
				40F0E80820739FA500FEC742 /* Artists 2.xcdatamodel */,
				40F0E80620739CCB00FEC742 /* Artists.xcdatamodel */,
			);
			currentVersion = 40B177C02075984400088300 /* Artists 4.xcdatamodel */;
			path = Artists.xcdatamodeld;
			sourceTree = "<group>";
			versionGroupType = wrapper.xcdatamodel;
		};
/* End XCVersionGroup section */
	};
	rootObject = 40178E1E206A7BB4002A9B0E /* Project object */;
}
